
Microsoft Visual Studio Solution File, Format Version 12.00
# Visual Studio 15
VisualStudioVersion = 15.0.28307.421
MinimumVisualStudioVersion = 10.0.40219.1
Project("{2150E333-8FDC-42A3-9474-1A3956D46DE8}") = "0_thirdparty", "0_thirdparty", "{DC1F98F0-AACA-4B50-BD35-BD195ADDE858}"
EndProject
Project("{2150E333-8FDC-42A3-9474-1A3956D46DE8}") = "1_demo", "1_demo", "{E1D71628-5AFC-4A26-BD06-C5D9A3462081}"
EndProject
Project("{2150E333-8FDC-42A3-9474-1A3956D46DE8}") = "pbmtools", "pbmtools", "{E1F6A7FA-3A0D-4774-8819-E637A049AAC1}"
EndProject
Project("{8BC9CEB8-8B4A-11D0-8D11-00A0C91BC942}") = "jbgtopbm", "demo\pbmtools\jbgtopbm\jbgtopbm.vcxproj", "{3CFD8D3C-5D69-47BF-9E96-BCD6AC473C8C}"
	ProjectSection(ProjectDependencies) = postProject
		{C8353FEE-3BBD-40F4-AA72-4D6468277D91} = {C8353FEE-3BBD-40F4-AA72-4D6468277D91}
	EndProjectSection
EndProject
Project("{8BC9CEB8-8B4A-11D0-8D11-00A0C91BC942}") = "jbgtopbm85", "demo\pbmtools\jbgtopbm85\jbgtopbm85.vcxproj", "{24E2328A-B0F7-43A7-A4D3-C06256B7CE1D}"
	ProjectSection(ProjectDependencies) = postProject
		{C8353FEE-3BBD-40F4-AA72-4D6468277D91} = {C8353FEE-3BBD-40F4-AA72-4D6468277D91}
	EndProjectSection
EndProject
Project("{8BC9CEB8-8B4A-11D0-8D11-00A0C91BC942}") = "pbmtojbg", "demo\pbmtools\pbmtojbg\pbmtojbg.vcxproj", "{377005A0-423E-48D4-A166-1ED6E74AC394}"
	ProjectSection(ProjectDependencies) = postProject
		{C8353FEE-3BBD-40F4-AA72-4D6468277D91} = {C8353FEE-3BBD-40F4-AA72-4D6468277D91}
	EndProjectSection
EndProject
Project("{8BC9CEB8-8B4A-11D0-8D11-00A0C91BC942}") = "pbmtojbg85", "demo\pbmtools\pbmtojbg85\pbmtojbg85.vcxproj", "{7EDECF61-EBE5-4BAF-BB93-8E42A8FF162E}"
	ProjectSection(ProjectDependencies) = postProject
		{C8353FEE-3BBD-40F4-AA72-4D6468277D91} = {C8353FEE-3BBD-40F4-AA72-4D6468277D91}
	EndProjectSection
EndProject
Project("{8BC9CEB8-8B4A-11D0-8D11-00A0C91BC942}") = "libjbig", "thirdparty\jbig-2.1\libjbig.vcxproj", "{C8353FEE-3BBD-40F4-AA72-4D6468277D91}"
EndProject
Global
	GlobalSection(SolutionConfigurationPlatforms) = preSolution
		Debug|x64 = Debug|x64
		Release|x64 = Release|x64
	EndGlobalSection
	GlobalSection(ProjectConfigurationPlatforms) = postSolution
		{3CFD8D3C-5D69-47BF-9E96-BCD6AC473C8C}.Debug|x64.ActiveCfg = Debug|x64
		{3CFD8D3C-5D69-47BF-9E96-BCD6AC473C8C}.Debug|x64.Build.0 = Debug|x64
		{3CFD8D3C-5D69-47BF-9E96-BCD6AC473C8C}.Release|x64.ActiveCfg = Release|x64
		{3CFD8D3C-5D69-47BF-9E96-BCD6AC473C8C}.Release|x64.Build.0 = Release|x64
		{24E2328A-B0F7-43A7-A4D3-C06256B7CE1D}.Debug|x64.ActiveCfg = Debug|x64
		{24E2328A-B0F7-43A7-A4D3-C06256B7CE1D}.Debug|x64.Build.0 = Debug|x64
		{24E2328A-B0F7-43A7-A4D3-C06256B7CE1D}.Release|x64.ActiveCfg = Release|x64
		{24E2328A-B0F7-43A7-A4D3-C06256B7CE1D}.Release|x64.Build.0 = Release|x64
		{377005A0-423E-48D4-A166-1ED6E74AC394}.Debug|x64.ActiveCfg = Debug|x64
		{377005A0-423E-48D4-A166-1ED6E74AC394}.Debug|x64.Build.0 = Debug|x64
		{377005A0-423E-48D4-A166-1ED6E74AC394}.Release|x64.ActiveCfg = Release|x64
		{377005A0-423E-48D4-A166-1ED6E74AC394}.Release|x64.Build.0 = Release|x64
		{7EDECF61-EBE5-4BAF-BB93-8E42A8FF162E}.Debug|x64.ActiveCfg = Debug|x64
		{7EDECF61-EBE5-4BAF-BB93-8E42A8FF162E}.Debug|x64.Build.0 = Debug|x64
		{7EDECF61-EBE5-4BAF-BB93-8E42A8FF162E}.Release|x64.ActiveCfg = Release|x64
		{7EDECF61-EBE5-4BAF-BB93-8E42A8FF162E}.Release|x64.Build.0 = Release|x64
		{C8353FEE-3BBD-40F4-AA72-4D6468277D91}.Debug|x64.ActiveCfg = Debug|x64
		{C8353FEE-3BBD-40F4-AA72-4D6468277D91}.Debug|x64.Build.0 = Debug|x64
		{C8353FEE-3BBD-40F4-AA72-4D6468277D91}.Release|x64.ActiveCfg = Release|x64
		{C8353FEE-3BBD-40F4-AA72-4D6468277D91}.Release|x64.Build.0 = Release|x64
	EndGlobalSection
	GlobalSection(SolutionProperties) = preSolution
		HideSolutionNode = FALSE
	EndGlobalSection
	GlobalSection(NestedProjects) = preSolution
		{E1F6A7FA-3A0D-4774-8819-E637A049AAC1} = {E1D71628-5AFC-4A26-BD06-C5D9A3462081}
		{3CFD8D3C-5D69-47BF-9E96-BCD6AC473C8C} = {E1F6A7FA-3A0D-4774-8819-E637A049AAC1}
		{24E2328A-B0F7-43A7-A4D3-C06256B7CE1D} = {E1F6A7FA-3A0D-4774-8819-E637A049AAC1}
		{377005A0-423E-48D4-A166-1ED6E74AC394} = {E1F6A7FA-3A0D-4774-8819-E637A049AAC1}
		{7EDECF61-EBE5-4BAF-BB93-8E42A8FF162E} = {E1F6A7FA-3A0D-4774-8819-E637A049AAC1}
		{C8353FEE-3BBD-40F4-AA72-4D6468277D91} = {DC1F98F0-AACA-4B50-BD35-BD195ADDE858}
	EndGlobalSection
	GlobalSection(ExtensibilityGlobals) = postSolution
		SolutionGuid = {0A8CEE52-492A-4393-9DD8-1A14948800DE}
	EndGlobalSection
EndGlobal
